
Microsoft Visual Studio Solution File, Format Version 12.00
# Visual Studio Version 17
VisualStudioVersion = 17.1.32328.378
MinimumVisualStudioVersion = 10.0.40219.1
Project("{FAE04EC0-301F-11D3-BF4B-00C04F79EFBC}") = "Lesson 10", "Lesson 10\Lesson 10.csproj", "{13D83B0D-1850-4A1F-8B5D-1A0C6B516DB3}"
EndProject
Global
	GlobalSection(SolutionConfigurationPlatforms) = preSolution
		Debug|Any CPU = Debug|Any CPU
		Release|Any CPU = Release|Any CPU
	EndGlobalSection
	GlobalSection(ProjectConfigurationPlatforms) = postSolution
		{13D83B0D-1850-4A1F-8B5D-1A0C6B516DB3}.Debug|Any CPU.ActiveCfg = Debug|Any CPU
		{13D83B0D-1850-4A1F-8B5D-1A0C6B516DB3}.Debug|Any CPU.Build.0 = Debug|Any CPU
		{13D83B0D-1850-4A1F-8B5D-1A0C6B516DB3}.Release|Any CPU.ActiveCfg = Release|Any CPU
		{13D83B0D-1850-4A1F-8B5D-1A0C6B516DB3}.Release|Any CPU.Build.0 = Release|Any CPU
	EndGlobalSection
	GlobalSection(SolutionProperties) = preSolution
		HideSolutionNode = FALSE
	EndGlobalSection
	GlobalSection(ExtensibilityGlobals) = postSolution
		SolutionGuid = {7B5021AA-A9D3-4F42-98AD-BC6B36582C88}
	EndGlobalSection
EndGlobal
